
Microsoft Visual Studio Solution File, Format Version 12.00
# Visual Studio Version 16
VisualStudioVersion = 16.0.31702.278
MinimumVisualStudioVersion = 10.0.40219.1
Project("{FAE04EC0-301F-11D3-BF4B-00C04F79EFBC}") = "LiveCoding", "LiveCoding\LiveCoding.csproj", "{5FD0529D-1F96-43A2-9E4B-A0E993160CE0}"
EndProject
Global
	GlobalSection(SolutionConfigurationPlatforms) = preSolution
		Debug|Any CPU = Debug|Any CPU
		Release|Any CPU = Release|Any CPU
	EndGlobalSection
	GlobalSection(ProjectConfigurationPlatforms) = postSolution
		{5FD0529D-1F96-43A2-9E4B-A0E993160CE0}.Debug|Any CPU.ActiveCfg = Debug|Any CPU
		{5FD0529D-1F96-43A2-9E4B-A0E993160CE0}.Debug|Any CPU.Build.0 = Debug|Any CPU
		{5FD0529D-1F96-43A2-9E4B-A0E993160CE0}.Release|Any CPU.ActiveCfg = Release|Any CPU
		{5FD0529D-1F96-43A2-9E4B-A0E993160CE0}.Release|Any CPU.Build.0 = Release|Any CPU
	EndGlobalSection
	GlobalSection(SolutionProperties) = preSolution
		HideSolutionNode = FALSE
	EndGlobalSection
	GlobalSection(ExtensibilityGlobals) = postSolution
		SolutionGuid = {420E03D9-2B34-472C-905C-F0BA12E46647}
	EndGlobalSection
EndGlobal
